
Microsoft Visual Studio Solution File, Format Version 12.00
# Visual Studio Version 17
VisualStudioVersion = 17.14.36811.4 d17.14
MinimumVisualStudioVersion = 10.0.40219.1
Project("{FAE04EC0-301F-11D3-BF4B-00C04F79EFBC}") = "CollaborativeDocs.API", "CollaborativeDocs.API\CollaborativeDocs.API.csproj", "{A2A878E0-E7E3-4C7B-A71A-A72795791052}"
EndProject
Project("{FAE04EC0-301F-11D3-BF4B-00C04F79EFBC}") = "CollaborativeDocs.Domain", "CollaborativeDocs.Domain\CollaborativeDocs.Domain.csproj", "{32CF1122-18AE-4486-B916-D3A647CC0D16}"
EndProject
Project("{FAE04EC0-301F-11D3-BF4B-00C04F79EFBC}") = "CollaborativeDocs.Application", "CollaborativeDocs.Application\CollaborativeDocs.Application.csproj", "{1B708B15-9430-458C-B0EE-A4D0B4511978}"
EndProject
Project("{FAE04EC0-301F-11D3-BF4B-00C04F79EFBC}") = "CollaborativeDocs.Infrastructure", "CollaborativeDocs.Infrastructure\CollaborativeDocs.Infrastructure.csproj", "{F5DB5F70-8B75-488C-B977-2061A2C90033}"
EndProject
Project("{FAE04EC0-301F-11D3-BF4B-00C04F79EFBC}") = "CollaborativeDocs.Persistence", "CollaborativeDocs.Persistence\CollaborativeDocs.Persistence.csproj", "{AD6618DB-17C3-496C-BC43-82AEACC8C95E}"
EndProject
Project("{FAE04EC0-301F-11D3-BF4B-00C04F79EFBC}") = "CollaborativeDocs.Contracts", "CollaborativeDocs.Contracts\CollaborativeDocs.Contracts.csproj", "{8B671C25-93B0-4B17-A497-7C871B5AF466}"
EndProject
Project("{FAE04EC0-301F-11D3-BF4B-00C04F79EFBC}") = "CollaborativeDocs.Tests", "CollaborativeDocs.Tests\CollaborativeDocs.Tests.csproj", "{0DCADD37-C2B4-4BB2-812D-A587E86E87E7}"
EndProject
Global
	GlobalSection(SolutionConfigurationPlatforms) = preSolution
		Debug|Any CPU = Debug|Any CPU
		Release|Any CPU = Release|Any CPU
	EndGlobalSection
	GlobalSection(ProjectConfigurationPlatforms) = postSolution
		{A2A878E0-E7E3-4C7B-A71A-A72795791052}.Debug|Any CPU.ActiveCfg = Debug|Any CPU
		{A2A878E0-E7E3-4C7B-A71A-A72795791052}.Debug|Any CPU.Build.0 = Debug|Any CPU
		{A2A878E0-E7E3-4C7B-A71A-A72795791052}.Release|Any CPU.ActiveCfg = Release|Any CPU
		{A2A878E0-E7E3-4C7B-A71A-A72795791052}.Release|Any CPU.Build.0 = Release|Any CPU
		{32CF1122-18AE-4486-B916-D3A647CC0D16}.Debug|Any CPU.ActiveCfg = Debug|Any CPU
		{32CF1122-18AE-4486-B916-D3A647CC0D16}.Debug|Any CPU.Build.0 = Debug|Any CPU
		{32CF1122-18AE-4486-B916-D3A647CC0D16}.Release|Any CPU.ActiveCfg = Release|Any CPU
		{32CF1122-18AE-4486-B916-D3A647CC0D16}.Release|Any CPU.Build.0 = Release|Any CPU
		{1B708B15-9430-458C-B0EE-A4D0B4511978}.Debug|Any CPU.ActiveCfg = Debug|Any CPU
		{1B708B15-9430-458C-B0EE-A4D0B4511978}.Debug|Any CPU.Build.0 = Debug|Any CPU
		{1B708B15-9430-458C-B0EE-A4D0B4511978}.Release|Any CPU.ActiveCfg = Release|Any CPU
		{1B708B15-9430-458C-B0EE-A4D0B4511978}.Release|Any CPU.Build.0 = Release|Any CPU
		{F5DB5F70-8B75-488C-B977-2061A2C90033}.Debug|Any CPU.ActiveCfg = Debug|Any CPU
		{F5DB5F70-8B75-488C-B977-2061A2C90033}.Debug|Any CPU.Build.0 = Debug|Any CPU
		{F5DB5F70-8B75-488C-B977-2061A2C90033}.Release|Any CPU.ActiveCfg = Release|Any CPU
		{F5DB5F70-8B75-488C-B977-2061A2C90033}.Release|Any CPU.Build.0 = Release|Any CPU
		{AD6618DB-17C3-496C-BC43-82AEACC8C95E}.Debug|Any CPU.ActiveCfg = Debug|Any CPU
		{AD6618DB-17C3-496C-BC43-82AEACC8C95E}.Debug|Any CPU.Build.0 = Debug|Any CPU
		{AD6618DB-17C3-496C-BC43-82AEACC8C95E}.Release|Any CPU.ActiveCfg = Release|Any CPU
		{AD6618DB-17C3-496C-BC43-82AEACC8C95E}.Release|Any CPU.Build.0 = Release|Any CPU
		{8B671C25-93B0-4B17-A497-7C871B5AF466}.Debug|Any CPU.ActiveCfg = Debug|Any CPU
		{8B671C25-93B0-4B17-A497-7C871B5AF466}.Debug|Any CPU.Build.0 = Debug|Any CPU
		{8B671C25-93B0-4B17-A497-7C871B5AF466}.Release|Any CPU.ActiveCfg = Release|Any CPU
		{8B671C25-93B0-4B17-A497-7C871B5AF466}.Release|Any CPU.Build.0 = Release|Any CPU
		{0DCADD37-C2B4-4BB2-812D-A587E86E87E7}.Debug|Any CPU.ActiveCfg = Debug|Any CPU
		{0DCADD37-C2B4-4BB2-812D-A587E86E87E7}.Debug|Any CPU.Build.0 = Debug|Any CPU
		{0DCADD37-C2B4-4BB2-812D-A587E86E87E7}.Release|Any CPU.ActiveCfg = Release|Any CPU
		{0DCADD37-C2B4-4BB2-812D-A587E86E87E7}.Release|Any CPU.Build.0 = Release|Any CPU
	EndGlobalSection
	GlobalSection(SolutionProperties) = preSolution
		HideSolutionNode = FALSE
	EndGlobalSection
	GlobalSection(ExtensibilityGlobals) = postSolution
		SolutionGuid = {37103CD5-F5A6-454A-8754-927CE11F1FC1}
	EndGlobalSection
EndGlobal
